
Microsoft Visual Studio Solution File, Format Version 12.00
# Visual Studio Version 16
VisualStudioVersion = 16.0.31025.218
MinimumVisualStudioVersion = 10.0.40219.1
Project("{FAE04EC0-301F-11D3-BF4B-00C04F79EFBC}") = "eo-to-csharp", "eo-to-csharp.csproj", "{6E8439E7-C348-4EC4-963C-349786AE09AD}"
EndProject
Global
	GlobalSection(SolutionConfigurationPlatforms) = preSolution
		Debug|Any CPU = Debug|Any CPU
		Release|Any CPU = Release|Any CPU
	EndGlobalSection
	GlobalSection(ProjectConfigurationPlatforms) = postSolution
		{6E8439E7-C348-4EC4-963C-349786AE09AD}.Debug|Any CPU.ActiveCfg = Debug|Any CPU
		{6E8439E7-C348-4EC4-963C-349786AE09AD}.Debug|Any CPU.Build.0 = Debug|Any CPU
		{6E8439E7-C348-4EC4-963C-349786AE09AD}.Release|Any CPU.ActiveCfg = Release|Any CPU
		{6E8439E7-C348-4EC4-963C-349786AE09AD}.Release|Any CPU.Build.0 = Release|Any CPU
	EndGlobalSection
	GlobalSection(SolutionProperties) = preSolution
		HideSolutionNode = FALSE
	EndGlobalSection
	GlobalSection(ExtensibilityGlobals) = postSolution
		SolutionGuid = {58A992CD-4A2A-446A-BE23-9273145AC580}
	EndGlobalSection
EndGlobal
